
Microsoft Visual Studio Solution File, Format Version 12.00
# Visual Studio Version 16
VisualStudioVersion = 16.0.29020.237
MinimumVisualStudioVersion = 10.0.40219.1
Project("{9A19103F-16F7-4668-BE54-9A1E7A4F7556}") = "Aevatar.Domain", "src\Aevatar.Domain\Aevatar.Domain.csproj", "{554AD327-6DBA-4F8F-96F8-81CE7A0C863F}"
EndProject
Project("{9A19103F-16F7-4668-BE54-9A1E7A4F7556}") = "Aevatar.Application", "src\Aevatar.Application\Aevatar.Application.csproj", "{1A94A50E-06DC-43C1-80B5-B662820EC3EB}"
EndProject
Project("{2150E333-8FDC-42A3-9474-1A3956D46DE8}") = "src", "src", "{CA9AC87F-097E-4F15-8393-4BC07735A5B0}"
EndProject
Project("{2150E333-8FDC-42A3-9474-1A3956D46DE8}") = "test", "test", "{04DBDB01-70F4-4E06-B468-8F87850B22BE}"
EndProject
Project("{9A19103F-16F7-4668-BE54-9A1E7A4F7556}") = "Aevatar.Application.Tests", "test\Aevatar.Application.Tests\Aevatar.Application.Tests.csproj", "{50B2631D-129C-47B3-A587-029CCD6099BC}"
EndProject
Project("{9A19103F-16F7-4668-BE54-9A1E7A4F7556}") = "Aevatar.Domain.Shared", "src\Aevatar.Domain.Shared\Aevatar.Domain.Shared.csproj", "{42F719ED-8413-4895-B5B4-5AB56079BC66}"
EndProject
Project("{9A19103F-16F7-4668-BE54-9A1E7A4F7556}") = "Aevatar.Application.Contracts", "src\Aevatar.Application.Contracts\Aevatar.Application.Contracts.csproj", "{520659C8-C734-4298-A3DA-B539DB9DFC0B}"
EndProject
Project("{9A19103F-16F7-4668-BE54-9A1E7A4F7556}") = "Aevatar.HttpApi", "src\Aevatar.HttpApi\Aevatar.HttpApi.csproj", "{4164BDF7-F527-4E85-9CE6-E3C2D7426A27}"
EndProject
Project("{9A19103F-16F7-4668-BE54-9A1E7A4F7556}") = "Aevatar.TestBase", "test\Aevatar.TestBase\Aevatar.TestBase.csproj", "{91853F21-9CD9-4132-BC29-A7D5D84FFFE7}"
EndProject
Project("{9A19103F-16F7-4668-BE54-9A1E7A4F7556}") = "Aevatar.Domain.Tests", "test\Aevatar.Domain.Tests\Aevatar.Domain.Tests.csproj", "{E512F4D9-9375-480F-A2F6-A46509F9D824}"
EndProject
Project("{9A19103F-16F7-4668-BE54-9A1E7A4F7556}") = "Aevatar.HttpApi.Host", "src\Aevatar.HttpApi.Host\Aevatar.HttpApi.Host.csproj", "{748584B1-BA69-4F6A-81AA-F4BDE6BCE29D}"
EndProject
Project("{FAE04EC0-301F-11D3-BF4B-00C04F79EFBC}") = "Aevatar.Silo", "src\Aevatar.Silo\Aevatar.Silo.csproj", "{613D08BD-1756-4862-BB11-9A06E5A11134}"
EndProject
Project("{FAE04EC0-301F-11D3-BF4B-00C04F79EFBC}") = "Aevatar.Domain.Grains", "src\Aevatar.Domain.Grains\Aevatar.Domain.Grains.csproj", "{D4AC2F60-6A39-45F8-B21E-5DA2DA4596AF}"
EndProject
Project("{FAE04EC0-301F-11D3-BF4B-00C04F79EFBC}") = "Aevatar.Orleans.TestBase", "test\Aevatar.Orleans.TestBase\Aevatar.Orleans.TestBase.csproj", "{3C0B0690-0E0F-464E-ACEF-FE46D2ADA54F}"
EndProject
Project("{FAE04EC0-301F-11D3-BF4B-00C04F79EFBC}") = "OrleansTestKit", "test\OrleansTestKit\OrleansTestKit.csproj", "{09CDE043-09EC-4D2A-9112-6F9138455795}"
EndProject
Project("{FAE04EC0-301F-11D3-BF4B-00C04F79EFBC}") = "OrleansTestKit.Tests", "test\OrleansTestKit.Tests\OrleansTestKit.Tests.csproj", "{C09D0934-CD67-47A0-9179-806C05ABFB26}"
EndProject
Project("{FAE04EC0-301F-11D3-BF4B-00C04F79EFBC}") = "Aevatar.Application.Grains", "src\Aevatar.Application.Grains\Aevatar.Application.Grains.csproj", "{3F98FAFA-95E4-434D-A0EC-98546355341F}"
EndProject
Project("{FAE04EC0-301F-11D3-BF4B-00C04F79EFBC}") = "Aevatar.Developer.Host", "src\Aevatar.Developer.Host\Aevatar.Developer.Host.csproj", "{03686C62-CF8E-4081-8B7A-55E7B0AC1CDF}"
EndProject
Project("{FAE04EC0-301F-11D3-BF4B-00C04F79EFBC}") = "Aevatar.Developer.Logger", "src\Aevatar.Developer.Logger\Aevatar.Developer.Logger.csproj", "{51838FE4-56BD-4B45-BD2A-F4BDF94DB190}"
EndProject
Project("{FAE04EC0-301F-11D3-BF4B-00C04F79EFBC}") = "Aevatar.Aspire", "src\Aevatar.Aspire\Aevatar.Aspire.csproj", "{A12473D1-EA4F-41D9-814E-F55F811839E8}"
EndProject
Global
	GlobalSection(SolutionConfigurationPlatforms) = preSolution
		Debug|Any CPU = Debug|Any CPU
		Release|Any CPU = Release|Any CPU
	EndGlobalSection
	GlobalSection(ProjectConfigurationPlatforms) = postSolution
		{554AD327-6DBA-4F8F-96F8-81CE7A0C863F}.Debug|Any CPU.ActiveCfg = Debug|Any CPU
		{554AD327-6DBA-4F8F-96F8-81CE7A0C863F}.Debug|Any CPU.Build.0 = Debug|Any CPU
		{554AD327-6DBA-4F8F-96F8-81CE7A0C863F}.Release|Any CPU.ActiveCfg = Release|Any CPU
		{554AD327-6DBA-4F8F-96F8-81CE7A0C863F}.Release|Any CPU.Build.0 = Release|Any CPU
		{1A94A50E-06DC-43C1-80B5-B662820EC3EB}.Debug|Any CPU.ActiveCfg = Debug|Any CPU
		{1A94A50E-06DC-43C1-80B5-B662820EC3EB}.Debug|Any CPU.Build.0 = Debug|Any CPU
		{1A94A50E-06DC-43C1-80B5-B662820EC3EB}.Release|Any CPU.ActiveCfg = Release|Any CPU
		{1A94A50E-06DC-43C1-80B5-B662820EC3EB}.Release|Any CPU.Build.0 = Release|Any CPU
		{50B2631D-129C-47B3-A587-029CCD6099BC}.Debug|Any CPU.ActiveCfg = Debug|Any CPU
		{50B2631D-129C-47B3-A587-029CCD6099BC}.Debug|Any CPU.Build.0 = Debug|Any CPU
		{50B2631D-129C-47B3-A587-029CCD6099BC}.Release|Any CPU.ActiveCfg = Release|Any CPU
		{50B2631D-129C-47B3-A587-029CCD6099BC}.Release|Any CPU.Build.0 = Release|Any CPU
		{42F719ED-8413-4895-B5B4-5AB56079BC66}.Debug|Any CPU.ActiveCfg = Debug|Any CPU
		{42F719ED-8413-4895-B5B4-5AB56079BC66}.Debug|Any CPU.Build.0 = Debug|Any CPU
		{42F719ED-8413-4895-B5B4-5AB56079BC66}.Release|Any CPU.ActiveCfg = Release|Any CPU
		{42F719ED-8413-4895-B5B4-5AB56079BC66}.Release|Any CPU.Build.0 = Release|Any CPU
		{520659C8-C734-4298-A3DA-B539DB9DFC0B}.Debug|Any CPU.ActiveCfg = Debug|Any CPU
		{520659C8-C734-4298-A3DA-B539DB9DFC0B}.Debug|Any CPU.Build.0 = Debug|Any CPU
		{520659C8-C734-4298-A3DA-B539DB9DFC0B}.Release|Any CPU.ActiveCfg = Release|Any CPU
		{520659C8-C734-4298-A3DA-B539DB9DFC0B}.Release|Any CPU.Build.0 = Release|Any CPU
		{4164BDF7-F527-4E85-9CE6-E3C2D7426A27}.Debug|Any CPU.ActiveCfg = Debug|Any CPU
		{4164BDF7-F527-4E85-9CE6-E3C2D7426A27}.Debug|Any CPU.Build.0 = Debug|Any CPU
		{4164BDF7-F527-4E85-9CE6-E3C2D7426A27}.Release|Any CPU.ActiveCfg = Release|Any CPU
		{4164BDF7-F527-4E85-9CE6-E3C2D7426A27}.Release|Any CPU.Build.0 = Release|Any CPU
		{91853F21-9CD9-4132-BC29-A7D5D84FFFE7}.Debug|Any CPU.ActiveCfg = Debug|Any CPU
		{91853F21-9CD9-4132-BC29-A7D5D84FFFE7}.Debug|Any CPU.Build.0 = Debug|Any CPU
		{91853F21-9CD9-4132-BC29-A7D5D84FFFE7}.Release|Any CPU.ActiveCfg = Release|Any CPU
		{91853F21-9CD9-4132-BC29-A7D5D84FFFE7}.Release|Any CPU.Build.0 = Release|Any CPU
		{E512F4D9-9375-480F-A2F6-A46509F9D824}.Debug|Any CPU.ActiveCfg = Debug|Any CPU
		{E512F4D9-9375-480F-A2F6-A46509F9D824}.Debug|Any CPU.Build.0 = Debug|Any CPU
		{E512F4D9-9375-480F-A2F6-A46509F9D824}.Release|Any CPU.ActiveCfg = Release|Any CPU
		{E512F4D9-9375-480F-A2F6-A46509F9D824}.Release|Any CPU.Build.0 = Release|Any CPU
		{748584B1-BA69-4F6A-81AA-F4BDE6BCE29D}.Debug|Any CPU.ActiveCfg = Debug|Any CPU
		{748584B1-BA69-4F6A-81AA-F4BDE6BCE29D}.Debug|Any CPU.Build.0 = Debug|Any CPU
		{748584B1-BA69-4F6A-81AA-F4BDE6BCE29D}.Release|Any CPU.ActiveCfg = Release|Any CPU
		{748584B1-BA69-4F6A-81AA-F4BDE6BCE29D}.Release|Any CPU.Build.0 = Release|Any CPU
		{613D08BD-1756-4862-BB11-9A06E5A11134}.Debug|Any CPU.ActiveCfg = Debug|Any CPU
		{613D08BD-1756-4862-BB11-9A06E5A11134}.Debug|Any CPU.Build.0 = Debug|Any CPU
		{613D08BD-1756-4862-BB11-9A06E5A11134}.Release|Any CPU.ActiveCfg = Release|Any CPU
		{613D08BD-1756-4862-BB11-9A06E5A11134}.Release|Any CPU.Build.0 = Release|Any CPU
		{D4AC2F60-6A39-45F8-B21E-5DA2DA4596AF}.Debug|Any CPU.ActiveCfg = Debug|Any CPU
		{D4AC2F60-6A39-45F8-B21E-5DA2DA4596AF}.Debug|Any CPU.Build.0 = Debug|Any CPU
		{D4AC2F60-6A39-45F8-B21E-5DA2DA4596AF}.Release|Any CPU.ActiveCfg = Release|Any CPU
		{D4AC2F60-6A39-45F8-B21E-5DA2DA4596AF}.Release|Any CPU.Build.0 = Release|Any CPU
		{3C0B0690-0E0F-464E-ACEF-FE46D2ADA54F}.Debug|Any CPU.ActiveCfg = Debug|Any CPU
		{3C0B0690-0E0F-464E-ACEF-FE46D2ADA54F}.Debug|Any CPU.Build.0 = Debug|Any CPU
		{3C0B0690-0E0F-464E-ACEF-FE46D2ADA54F}.Release|Any CPU.ActiveCfg = Release|Any CPU
		{3C0B0690-0E0F-464E-ACEF-FE46D2ADA54F}.Release|Any CPU.Build.0 = Release|Any CPU
		{09CDE043-09EC-4D2A-9112-6F9138455795}.Debug|Any CPU.ActiveCfg = Debug|Any CPU
		{09CDE043-09EC-4D2A-9112-6F9138455795}.Debug|Any CPU.Build.0 = Debug|Any CPU
		{09CDE043-09EC-4D2A-9112-6F9138455795}.Release|Any CPU.ActiveCfg = Release|Any CPU
		{09CDE043-09EC-4D2A-9112-6F9138455795}.Release|Any CPU.Build.0 = Release|Any CPU
		{C09D0934-CD67-47A0-9179-806C05ABFB26}.Debug|Any CPU.ActiveCfg = Debug|Any CPU
		{C09D0934-CD67-47A0-9179-806C05ABFB26}.Debug|Any CPU.Build.0 = Debug|Any CPU
		{C09D0934-CD67-47A0-9179-806C05ABFB26}.Release|Any CPU.ActiveCfg = Release|Any CPU
		{C09D0934-CD67-47A0-9179-806C05ABFB26}.Release|Any CPU.Build.0 = Release|Any CPU
		{3F98FAFA-95E4-434D-A0EC-98546355341F}.Debug|Any CPU.ActiveCfg = Debug|Any CPU
		{3F98FAFA-95E4-434D-A0EC-98546355341F}.Debug|Any CPU.Build.0 = Debug|Any CPU
		{3F98FAFA-95E4-434D-A0EC-98546355341F}.Release|Any CPU.ActiveCfg = Release|Any CPU
		{3F98FAFA-95E4-434D-A0EC-98546355341F}.Release|Any CPU.Build.0 = Release|Any CPU
		{03686C62-CF8E-4081-8B7A-55E7B0AC1CDF}.Debug|Any CPU.ActiveCfg = Debug|Any CPU
		{03686C62-CF8E-4081-8B7A-55E7B0AC1CDF}.Debug|Any CPU.Build.0 = Debug|Any CPU
		{03686C62-CF8E-4081-8B7A-55E7B0AC1CDF}.Release|Any CPU.ActiveCfg = Release|Any CPU
		{03686C62-CF8E-4081-8B7A-55E7B0AC1CDF}.Release|Any CPU.Build.0 = Release|Any CPU
		{51838FE4-56BD-4B45-BD2A-F4BDF94DB190}.Debug|Any CPU.ActiveCfg = Debug|Any CPU
		{51838FE4-56BD-4B45-BD2A-F4BDF94DB190}.Debug|Any CPU.Build.0 = Debug|Any CPU
		{51838FE4-56BD-4B45-BD2A-F4BDF94DB190}.Release|Any CPU.ActiveCfg = Release|Any CPU
		{51838FE4-56BD-4B45-BD2A-F4BDF94DB190}.Release|Any CPU.Build.0 = Release|Any CPU
		{A12473D1-EA4F-41D9-814E-F55F811839E8}.Debug|Any CPU.ActiveCfg = Debug|Any CPU
		{A12473D1-EA4F-41D9-814E-F55F811839E8}.Debug|Any CPU.Build.0 = Debug|Any CPU
		{A12473D1-EA4F-41D9-814E-F55F811839E8}.Release|Any CPU.ActiveCfg = Release|Any CPU
		{A12473D1-EA4F-41D9-814E-F55F811839E8}.Release|Any CPU.Build.0 = Release|Any CPU
	EndGlobalSection
	GlobalSection(SolutionProperties) = preSolution
		HideSolutionNode = FALSE
	EndGlobalSection
	GlobalSection(NestedProjects) = preSolution
		{554AD327-6DBA-4F8F-96F8-81CE7A0C863F} = {CA9AC87F-097E-4F15-8393-4BC07735A5B0}
		{1A94A50E-06DC-43C1-80B5-B662820EC3EB} = {CA9AC87F-097E-4F15-8393-4BC07735A5B0}
		{50B2631D-129C-47B3-A587-029CCD6099BC} = {04DBDB01-70F4-4E06-B468-8F87850B22BE}
		{42F719ED-8413-4895-B5B4-5AB56079BC66} = {CA9AC87F-097E-4F15-8393-4BC07735A5B0}
		{520659C8-C734-4298-A3DA-B539DB9DFC0B} = {CA9AC87F-097E-4F15-8393-4BC07735A5B0}
		{4164BDF7-F527-4E85-9CE6-E3C2D7426A27} = {CA9AC87F-097E-4F15-8393-4BC07735A5B0}
		{91853F21-9CD9-4132-BC29-A7D5D84FFFE7} = {04DBDB01-70F4-4E06-B468-8F87850B22BE}
		{E512F4D9-9375-480F-A2F6-A46509F9D824} = {04DBDB01-70F4-4E06-B468-8F87850B22BE}
		{748584B1-BA69-4F6A-81AA-F4BDE6BCE29D} = {CA9AC87F-097E-4F15-8393-4BC07735A5B0}
		{613D08BD-1756-4862-BB11-9A06E5A11134} = {CA9AC87F-097E-4F15-8393-4BC07735A5B0}
		{D4AC2F60-6A39-45F8-B21E-5DA2DA4596AF} = {CA9AC87F-097E-4F15-8393-4BC07735A5B0}
		{3C0B0690-0E0F-464E-ACEF-FE46D2ADA54F} = {04DBDB01-70F4-4E06-B468-8F87850B22BE}
		{09CDE043-09EC-4D2A-9112-6F9138455795} = {04DBDB01-70F4-4E06-B468-8F87850B22BE}
		{C09D0934-CD67-47A0-9179-806C05ABFB26} = {04DBDB01-70F4-4E06-B468-8F87850B22BE}
		{3F98FAFA-95E4-434D-A0EC-98546355341F} = {CA9AC87F-097E-4F15-8393-4BC07735A5B0}
		{03686C62-CF8E-4081-8B7A-55E7B0AC1CDF} = {CA9AC87F-097E-4F15-8393-4BC07735A5B0}
		{51838FE4-56BD-4B45-BD2A-F4BDF94DB190} = {CA9AC87F-097E-4F15-8393-4BC07735A5B0}
		{A12473D1-EA4F-41D9-814E-F55F811839E8} = {CA9AC87F-097E-4F15-8393-4BC07735A5B0}
	EndGlobalSection
	GlobalSection(ExtensibilityGlobals) = postSolution
		SolutionGuid = {28315BFD-90E7-4E14-A2EA-F3D23AF4126F}
	EndGlobalSection
EndGlobal
