
Microsoft Visual Studio Solution File, Format Version 12.00
# Visual Studio Version 16
VisualStudioVersion = 16.0.29020.237
MinimumVisualStudioVersion = 10.0.40219.1
Project("{2150E333-8FDC-42A3-9474-1A3956D46DE8}") = "src", "src", "{CA9AC87F-097E-4F15-8393-4BC07735A5B0}"
EndProject
Project("{2150E333-8FDC-42A3-9474-1A3956D46DE8}") = "test", "test", "{04DBDB01-70F4-4E06-B468-8F87850B22BE}"
EndProject
Project("{FAE04EC0-301F-11D3-BF4B-00C04F79EFBC}") = "GodGPT.GAgents", "src\GodGPT.GAgents\GodGPT.GAgents.csproj", "{B7B72D67-F86F-4C6F-8AF1-C5E715938C8A}"
EndProject
Project("{FAE04EC0-301F-11D3-BF4B-00C04F79EFBC}") = "GodGPT.Tests", "test\GodGPT.Tests\GodGPT.Tests.csproj", "{DFE34373-E8BB-40AB-92DA-DE1DAAA4E5A5}"
EndProject
Global
	GlobalSection(SolutionConfigurationPlatforms) = preSolution
		Debug|Any CPU = Debug|Any CPU
		Release|Any CPU = Release|Any CPU
	EndGlobalSection
	GlobalSection(ProjectConfigurationPlatforms) = postSolution
		{B7B72D67-F86F-4C6F-8AF1-C5E715938C8A}.Debug|Any CPU.ActiveCfg = Debug|Any CPU
		{B7B72D67-F86F-4C6F-8AF1-C5E715938C8A}.Debug|Any CPU.Build.0 = Debug|Any CPU
		{B7B72D67-F86F-4C6F-8AF1-C5E715938C8A}.Release|Any CPU.ActiveCfg = Release|Any CPU
		{B7B72D67-F86F-4C6F-8AF1-C5E715938C8A}.Release|Any CPU.Build.0 = Release|Any CPU
		{DFE34373-E8BB-40AB-92DA-DE1DAAA4E5A5}.Debug|Any CPU.ActiveCfg = Debug|Any CPU
		{DFE34373-E8BB-40AB-92DA-DE1DAAA4E5A5}.Debug|Any CPU.Build.0 = Debug|Any CPU
		{DFE34373-E8BB-40AB-92DA-DE1DAAA4E5A5}.Release|Any CPU.ActiveCfg = Release|Any CPU
		{DFE34373-E8BB-40AB-92DA-DE1DAAA4E5A5}.Release|Any CPU.Build.0 = Release|Any CPU
	EndGlobalSection
	GlobalSection(SolutionProperties) = preSolution
		HideSolutionNode = FALSE
	EndGlobalSection
	GlobalSection(NestedProjects) = preSolution
		{B7B72D67-F86F-4C6F-8AF1-C5E715938C8A} = {CA9AC87F-097E-4F15-8393-4BC07735A5B0}
		{DFE34373-E8BB-40AB-92DA-DE1DAAA4E5A5} = {04DBDB01-70F4-4E06-B468-8F87850B22BE}
	EndGlobalSection
	GlobalSection(ExtensibilityGlobals) = postSolution
		SolutionGuid = {28315BFD-90E7-4E14-A2EA-F3D23AF4126F}
	EndGlobalSection
EndGlobal
