
Microsoft Visual Studio Solution File, Format Version 12.00
# Visual Studio Version 16
VisualStudioVersion = 16.0.29020.237
MinimumVisualStudioVersion = 10.0.40219.1
Project("{2150E333-8FDC-42A3-9474-1A3956D46DE8}") = "src", "src", "{CA9AC87F-097E-4F15-8393-4BC07735A5B0}"
EndProject
Project("{2150E333-8FDC-42A3-9474-1A3956D46DE8}") = "test", "test", "{04DBDB01-70F4-4E06-B468-8F87850B22BE}"
EndProject
Project("{FAE04EC0-301F-11D3-BF4B-00C04F79EFBC}") = "GodGPT.GAgents", "src\GodGPT.GAgents\GodGPT.GAgents.csproj", "{B7B72D67-F86F-4C6F-8AF1-C5E715938C8A}"
EndProject
Project("{FAE04EC0-301F-11D3-BF4B-00C04F79EFBC}") = "GodGPT.GAgents.Tests", "test\GodGPT.GAgents.Tests\GodGPT.GAgents.Tests.csproj", "{DFE34373-E8BB-40AB-92DA-DE1DAAA4E5A5}"
EndProject
Project("{FAE04EC0-301F-11D3-BF4B-00C04F79EFBC}") = "Aevatar.TestBase", "test\Aevatar.TestBase\Aevatar.TestBase.csproj", "{905DF8D6-9AF0-408C-9F2C-1CF202E57CEC}"
EndProject
Project("{FAE04EC0-301F-11D3-BF4B-00C04F79EFBC}") = "Aevatar.Orleans.TestBase", "test\Aevatar.Orleans.TestBase\Aevatar.Orleans.TestBase.csproj", "{41AF597D-A6B1-4520-848F-84B1E2C5D288}"
EndProject
Project("{FAE04EC0-301F-11D3-BF4B-00C04F79EFBC}") = "GodGPT.Webhook", "src\GodGPT.Webhook\GodGPT.Webhook.csproj", "{FA9A44C5-111B-404A-B028-17700B382EFD}"
EndProject
Project("{FAE04EC0-301F-11D3-BF4B-00C04F79EFBC}") = "GodGPT.TwitterIntegration.Tests", "test\GodGPT.TwitterIntegration.Tests\GodGPT.TwitterIntegration.Tests.csproj", "{5794530E-0149-4765-91B7-406D39533100}"
EndProject
Project("{FAE04EC0-301F-11D3-BF4B-00C04F79EFBC}") = "GodGPT.PaymentAnalytics.Tests", "test\GodGPT.PaymentAnalytics.Tests\GodGPT.PaymentAnalytics.Tests.csproj", "{A3B7F2E1-9C8D-4E6A-B1F5-7834290ACE12}"
EndProject
Project("{FAE04EC0-301F-11D3-BF4B-00C04F79EFBC}") = "GodGPT.Awakening.Tests", "test\GodGPT.Awakening.Tests\GodGPT.Awakening.Tests.csproj", "{A9EACEFA-F77A-48AA-8993-75A6C27CB607}"
EndProject
Project("{FAE04EC0-301F-11D3-BF4B-00C04F79EFBC}") = "GodGPT.GooglePay.Tests", "test\GodGPT.GooglePay.Tests\GodGPT.GooglePay.Tests.csproj", "{C4B85F4E-2A1B-4D5C-9E8A-1F3456789ABC}"
EndProject
Global
	GlobalSection(SolutionConfigurationPlatforms) = preSolution
		Debug|Any CPU = Debug|Any CPU
		Debug|x64 = Debug|x64
		Debug|x86 = Debug|x86
		Release|Any CPU = Release|Any CPU
		Release|x64 = Release|x64
		Release|x86 = Release|x86
	EndGlobalSection
	GlobalSection(ProjectConfigurationPlatforms) = postSolution
		{B7B72D67-F86F-4C6F-8AF1-C5E715938C8A}.Debug|Any CPU.ActiveCfg = Debug|Any CPU
		{B7B72D67-F86F-4C6F-8AF1-C5E715938C8A}.Debug|Any CPU.Build.0 = Debug|Any CPU
		{B7B72D67-F86F-4C6F-8AF1-C5E715938C8A}.Debug|x64.ActiveCfg = Debug|Any CPU
		{B7B72D67-F86F-4C6F-8AF1-C5E715938C8A}.Debug|x64.Build.0 = Debug|Any CPU
		{B7B72D67-F86F-4C6F-8AF1-C5E715938C8A}.Debug|x86.ActiveCfg = Debug|Any CPU
		{B7B72D67-F86F-4C6F-8AF1-C5E715938C8A}.Debug|x86.Build.0 = Debug|Any CPU
		{B7B72D67-F86F-4C6F-8AF1-C5E715938C8A}.Release|Any CPU.ActiveCfg = Release|Any CPU
		{B7B72D67-F86F-4C6F-8AF1-C5E715938C8A}.Release|Any CPU.Build.0 = Release|Any CPU
		{B7B72D67-F86F-4C6F-8AF1-C5E715938C8A}.Release|x64.ActiveCfg = Release|Any CPU
		{B7B72D67-F86F-4C6F-8AF1-C5E715938C8A}.Release|x64.Build.0 = Release|Any CPU
		{B7B72D67-F86F-4C6F-8AF1-C5E715938C8A}.Release|x86.ActiveCfg = Release|Any CPU
		{B7B72D67-F86F-4C6F-8AF1-C5E715938C8A}.Release|x86.Build.0 = Release|Any CPU
		{DFE34373-E8BB-40AB-92DA-DE1DAAA4E5A5}.Debug|Any CPU.ActiveCfg = Debug|Any CPU
		{DFE34373-E8BB-40AB-92DA-DE1DAAA4E5A5}.Debug|Any CPU.Build.0 = Debug|Any CPU
		{DFE34373-E8BB-40AB-92DA-DE1DAAA4E5A5}.Debug|x64.ActiveCfg = Debug|Any CPU
		{DFE34373-E8BB-40AB-92DA-DE1DAAA4E5A5}.Debug|x64.Build.0 = Debug|Any CPU
		{DFE34373-E8BB-40AB-92DA-DE1DAAA4E5A5}.Debug|x86.ActiveCfg = Debug|Any CPU
		{DFE34373-E8BB-40AB-92DA-DE1DAAA4E5A5}.Debug|x86.Build.0 = Debug|Any CPU
		{DFE34373-E8BB-40AB-92DA-DE1DAAA4E5A5}.Release|Any CPU.ActiveCfg = Release|Any CPU
		{DFE34373-E8BB-40AB-92DA-DE1DAAA4E5A5}.Release|Any CPU.Build.0 = Release|Any CPU
		{DFE34373-E8BB-40AB-92DA-DE1DAAA4E5A5}.Release|x64.ActiveCfg = Release|Any CPU
		{DFE34373-E8BB-40AB-92DA-DE1DAAA4E5A5}.Release|x64.Build.0 = Release|Any CPU
		{DFE34373-E8BB-40AB-92DA-DE1DAAA4E5A5}.Release|x86.ActiveCfg = Release|Any CPU
		{DFE34373-E8BB-40AB-92DA-DE1DAAA4E5A5}.Release|x86.Build.0 = Release|Any CPU
		{905DF8D6-9AF0-408C-9F2C-1CF202E57CEC}.Debug|Any CPU.ActiveCfg = Debug|Any CPU
		{905DF8D6-9AF0-408C-9F2C-1CF202E57CEC}.Debug|Any CPU.Build.0 = Debug|Any CPU
		{905DF8D6-9AF0-408C-9F2C-1CF202E57CEC}.Debug|x64.ActiveCfg = Debug|Any CPU
		{905DF8D6-9AF0-408C-9F2C-1CF202E57CEC}.Debug|x64.Build.0 = Debug|Any CPU
		{905DF8D6-9AF0-408C-9F2C-1CF202E57CEC}.Debug|x86.ActiveCfg = Debug|Any CPU
		{905DF8D6-9AF0-408C-9F2C-1CF202E57CEC}.Debug|x86.Build.0 = Debug|Any CPU
		{905DF8D6-9AF0-408C-9F2C-1CF202E57CEC}.Release|Any CPU.ActiveCfg = Release|Any CPU
		{905DF8D6-9AF0-408C-9F2C-1CF202E57CEC}.Release|Any CPU.Build.0 = Release|Any CPU
		{905DF8D6-9AF0-408C-9F2C-1CF202E57CEC}.Release|x64.ActiveCfg = Release|Any CPU
		{905DF8D6-9AF0-408C-9F2C-1CF202E57CEC}.Release|x64.Build.0 = Release|Any CPU
		{905DF8D6-9AF0-408C-9F2C-1CF202E57CEC}.Release|x86.ActiveCfg = Release|Any CPU
		{905DF8D6-9AF0-408C-9F2C-1CF202E57CEC}.Release|x86.Build.0 = Release|Any CPU
		{41AF597D-A6B1-4520-848F-84B1E2C5D288}.Debug|Any CPU.ActiveCfg = Debug|Any CPU
		{41AF597D-A6B1-4520-848F-84B1E2C5D288}.Debug|Any CPU.Build.0 = Debug|Any CPU
		{41AF597D-A6B1-4520-848F-84B1E2C5D288}.Debug|x64.ActiveCfg = Debug|Any CPU
		{41AF597D-A6B1-4520-848F-84B1E2C5D288}.Debug|x64.Build.0 = Debug|Any CPU
		{41AF597D-A6B1-4520-848F-84B1E2C5D288}.Debug|x86.ActiveCfg = Debug|Any CPU
		{41AF597D-A6B1-4520-848F-84B1E2C5D288}.Debug|x86.Build.0 = Debug|Any CPU
		{41AF597D-A6B1-4520-848F-84B1E2C5D288}.Release|Any CPU.ActiveCfg = Release|Any CPU
		{41AF597D-A6B1-4520-848F-84B1E2C5D288}.Release|Any CPU.Build.0 = Release|Any CPU
		{41AF597D-A6B1-4520-848F-84B1E2C5D288}.Release|x64.ActiveCfg = Release|Any CPU
		{41AF597D-A6B1-4520-848F-84B1E2C5D288}.Release|x64.Build.0 = Release|Any CPU
		{41AF597D-A6B1-4520-848F-84B1E2C5D288}.Release|x86.ActiveCfg = Release|Any CPU
		{41AF597D-A6B1-4520-848F-84B1E2C5D288}.Release|x86.Build.0 = Release|Any CPU
		{FA9A44C5-111B-404A-B028-17700B382EFD}.Debug|Any CPU.ActiveCfg = Debug|Any CPU
		{FA9A44C5-111B-404A-B028-17700B382EFD}.Debug|Any CPU.Build.0 = Debug|Any CPU
		{FA9A44C5-111B-404A-B028-17700B382EFD}.Debug|x64.ActiveCfg = Debug|Any CPU
		{FA9A44C5-111B-404A-B028-17700B382EFD}.Debug|x64.Build.0 = Debug|Any CPU
		{FA9A44C5-111B-404A-B028-17700B382EFD}.Debug|x86.ActiveCfg = Debug|Any CPU
		{FA9A44C5-111B-404A-B028-17700B382EFD}.Debug|x86.Build.0 = Debug|Any CPU
		{FA9A44C5-111B-404A-B028-17700B382EFD}.Release|Any CPU.ActiveCfg = Release|Any CPU
		{FA9A44C5-111B-404A-B028-17700B382EFD}.Release|Any CPU.Build.0 = Release|Any CPU
		{FA9A44C5-111B-404A-B028-17700B382EFD}.Release|x64.ActiveCfg = Release|Any CPU
		{FA9A44C5-111B-404A-B028-17700B382EFD}.Release|x64.Build.0 = Release|Any CPU
		{FA9A44C5-111B-404A-B028-17700B382EFD}.Release|x86.ActiveCfg = Release|Any CPU
		{FA9A44C5-111B-404A-B028-17700B382EFD}.Release|x86.Build.0 = Release|Any CPU
		{5794530E-0149-4765-91B7-406D39533100}.Debug|Any CPU.ActiveCfg = Debug|Any CPU
		{5794530E-0149-4765-91B7-406D39533100}.Debug|Any CPU.Build.0 = Debug|Any CPU
		{5794530E-0149-4765-91B7-406D39533100}.Debug|x64.ActiveCfg = Debug|Any CPU
		{5794530E-0149-4765-91B7-406D39533100}.Debug|x64.Build.0 = Debug|Any CPU
		{5794530E-0149-4765-91B7-406D39533100}.Debug|x86.ActiveCfg = Debug|Any CPU
		{5794530E-0149-4765-91B7-406D39533100}.Debug|x86.Build.0 = Debug|Any CPU
		{5794530E-0149-4765-91B7-406D39533100}.Release|Any CPU.ActiveCfg = Release|Any CPU
		{5794530E-0149-4765-91B7-406D39533100}.Release|Any CPU.Build.0 = Release|Any CPU
		{5794530E-0149-4765-91B7-406D39533100}.Release|x64.ActiveCfg = Release|Any CPU
		{5794530E-0149-4765-91B7-406D39533100}.Release|x64.Build.0 = Release|Any CPU
		{5794530E-0149-4765-91B7-406D39533100}.Release|x86.ActiveCfg = Release|Any CPU
		{5794530E-0149-4765-91B7-406D39533100}.Release|x86.Build.0 = Release|Any CPU
		{A3B7F2E1-9C8D-4E6A-B1F5-7834290ACE12}.Debug|Any CPU.ActiveCfg = Debug|Any CPU
		{A3B7F2E1-9C8D-4E6A-B1F5-7834290ACE12}.Debug|Any CPU.Build.0 = Debug|Any CPU
		{A3B7F2E1-9C8D-4E6A-B1F5-7834290ACE12}.Debug|x64.ActiveCfg = Debug|Any CPU
		{A3B7F2E1-9C8D-4E6A-B1F5-7834290ACE12}.Debug|x64.Build.0 = Debug|Any CPU
		{A3B7F2E1-9C8D-4E6A-B1F5-7834290ACE12}.Debug|x86.ActiveCfg = Debug|Any CPU
		{A3B7F2E1-9C8D-4E6A-B1F5-7834290ACE12}.Debug|x86.Build.0 = Debug|Any CPU
		{A3B7F2E1-9C8D-4E6A-B1F5-7834290ACE12}.Release|Any CPU.ActiveCfg = Release|Any CPU
		{A3B7F2E1-9C8D-4E6A-B1F5-7834290ACE12}.Release|Any CPU.Build.0 = Release|Any CPU
		{A3B7F2E1-9C8D-4E6A-B1F5-7834290ACE12}.Release|x64.ActiveCfg = Release|Any CPU
		{A3B7F2E1-9C8D-4E6A-B1F5-7834290ACE12}.Release|x64.Build.0 = Release|Any CPU
		{A3B7F2E1-9C8D-4E6A-B1F5-7834290ACE12}.Release|x86.ActiveCfg = Release|Any CPU
		{A3B7F2E1-9C8D-4E6A-B1F5-7834290ACE12}.Release|x86.Build.0 = Release|Any CPU
		{A9EACEFA-F77A-48AA-8993-75A6C27CB607}.Debug|Any CPU.ActiveCfg = Debug|Any CPU
		{A9EACEFA-F77A-48AA-8993-75A6C27CB607}.Debug|Any CPU.Build.0 = Debug|Any CPU
		{A9EACEFA-F77A-48AA-8993-75A6C27CB607}.Debug|x64.ActiveCfg = Debug|Any CPU
		{A9EACEFA-F77A-48AA-8993-75A6C27CB607}.Debug|x64.Build.0 = Debug|Any CPU
		{A9EACEFA-F77A-48AA-8993-75A6C27CB607}.Debug|x86.ActiveCfg = Debug|Any CPU
		{A9EACEFA-F77A-48AA-8993-75A6C27CB607}.Debug|x86.Build.0 = Debug|Any CPU
		{A9EACEFA-F77A-48AA-8993-75A6C27CB607}.Release|Any CPU.ActiveCfg = Release|Any CPU
		{A9EACEFA-F77A-48AA-8993-75A6C27CB607}.Release|Any CPU.Build.0 = Release|Any CPU
		{A9EACEFA-F77A-48AA-8993-75A6C27CB607}.Release|x64.ActiveCfg = Release|Any CPU
		{A9EACEFA-F77A-48AA-8993-75A6C27CB607}.Release|x64.Build.0 = Release|Any CPU
		{A9EACEFA-F77A-48AA-8993-75A6C27CB607}.Release|x86.ActiveCfg = Release|Any CPU
		{A9EACEFA-F77A-48AA-8993-75A6C27CB607}.Release|x86.Build.0 = Release|Any CPU
		{C4B85F4E-2A1B-4D5C-9E8A-1F3456789ABC}.Debug|Any CPU.ActiveCfg = Debug|Any CPU
		{C4B85F4E-2A1B-4D5C-9E8A-1F3456789ABC}.Debug|Any CPU.Build.0 = Debug|Any CPU
		{C4B85F4E-2A1B-4D5C-9E8A-1F3456789ABC}.Debug|x64.ActiveCfg = Debug|Any CPU
		{C4B85F4E-2A1B-4D5C-9E8A-1F3456789ABC}.Debug|x64.Build.0 = Debug|Any CPU
		{C4B85F4E-2A1B-4D5C-9E8A-1F3456789ABC}.Debug|x86.ActiveCfg = Debug|Any CPU
		{C4B85F4E-2A1B-4D5C-9E8A-1F3456789ABC}.Debug|x86.Build.0 = Debug|Any CPU
		{C4B85F4E-2A1B-4D5C-9E8A-1F3456789ABC}.Release|Any CPU.ActiveCfg = Release|Any CPU
		{C4B85F4E-2A1B-4D5C-9E8A-1F3456789ABC}.Release|Any CPU.Build.0 = Release|Any CPU
		{C4B85F4E-2A1B-4D5C-9E8A-1F3456789ABC}.Release|x64.ActiveCfg = Release|Any CPU
		{C4B85F4E-2A1B-4D5C-9E8A-1F3456789ABC}.Release|x64.Build.0 = Release|Any CPU
		{C4B85F4E-2A1B-4D5C-9E8A-1F3456789ABC}.Release|x86.ActiveCfg = Release|Any CPU
		{C4B85F4E-2A1B-4D5C-9E8A-1F3456789ABC}.Release|x86.Build.0 = Release|Any CPU
	EndGlobalSection
	GlobalSection(SolutionProperties) = preSolution
		HideSolutionNode = FALSE
	EndGlobalSection
	GlobalSection(NestedProjects) = preSolution
		{B7B72D67-F86F-4C6F-8AF1-C5E715938C8A} = {CA9AC87F-097E-4F15-8393-4BC07735A5B0}
		{DFE34373-E8BB-40AB-92DA-DE1DAAA4E5A5} = {04DBDB01-70F4-4E06-B468-8F87850B22BE}
		{905DF8D6-9AF0-408C-9F2C-1CF202E57CEC} = {04DBDB01-70F4-4E06-B468-8F87850B22BE}
		{41AF597D-A6B1-4520-848F-84B1E2C5D288} = {04DBDB01-70F4-4E06-B468-8F87850B22BE}
		{FA9A44C5-111B-404A-B028-17700B382EFD} = {CA9AC87F-097E-4F15-8393-4BC07735A5B0}
		{5794530E-0149-4765-91B7-406D39533100} = {04DBDB01-70F4-4E06-B468-8F87850B22BE}
		{A3B7F2E1-9C8D-4E6A-B1F5-7834290ACE12} = {04DBDB01-70F4-4E06-B468-8F87850B22BE}
		{A9EACEFA-F77A-48AA-8993-75A6C27CB607} = {04DBDB01-70F4-4E06-B468-8F87850B22BE}
		{C4B85F4E-2A1B-4D5C-9E8A-1F3456789ABC} = {04DBDB01-70F4-4E06-B468-8F87850B22BE}
	EndGlobalSection
	GlobalSection(ExtensibilityGlobals) = postSolution
		SolutionGuid = {28315BFD-90E7-4E14-A2EA-F3D23AF4126F}
	EndGlobalSection
EndGlobal
